
Microsoft Visual Studio Solution File, Format Version 12.00
# Visual Studio Version 16
VisualStudioVersion = 16.0.34031.81
MinimumVisualStudioVersion = 10.0.40219.1
Project("{FAE04EC0-301F-11D3-BF4B-00C04F79EFBC}") = "01", "01\01.csproj", "{5655EF41-CE14-4DA5-AEBF-78D9C7C32C59}"
EndProject
Project("{FAE04EC0-301F-11D3-BF4B-00C04F79EFBC}") = "02", "02\02.csproj", "{7D936076-A828-4CB5-96DD-932E7CE5C256}"
EndProject
Project("{FAE04EC0-301F-11D3-BF4B-00C04F79EFBC}") = "03", "03\03.csproj", "{4FE42B97-58AF-4EB7-A854-BD43BB112E59}"
EndProject
Project("{FAE04EC0-301F-11D3-BF4B-00C04F79EFBC}") = "04", "04\04.csproj", "{16822623-ACFF-4736-AFBB-B164789EF797}"
EndProject
Project("{FAE04EC0-301F-11D3-BF4B-00C04F79EFBC}") = "05", "05\05.csproj", "{24C00053-3ABB-4AC3-9DDD-38C4857186DE}"
EndProject
Global
	GlobalSection(SolutionConfigurationPlatforms) = preSolution
		Debug|Any CPU = Debug|Any CPU
		Release|Any CPU = Release|Any CPU
	EndGlobalSection
	GlobalSection(ProjectConfigurationPlatforms) = postSolution
		{5655EF41-CE14-4DA5-AEBF-78D9C7C32C59}.Debug|Any CPU.ActiveCfg = Debug|Any CPU
		{5655EF41-CE14-4DA5-AEBF-78D9C7C32C59}.Debug|Any CPU.Build.0 = Debug|Any CPU
		{5655EF41-CE14-4DA5-AEBF-78D9C7C32C59}.Release|Any CPU.ActiveCfg = Release|Any CPU
		{5655EF41-CE14-4DA5-AEBF-78D9C7C32C59}.Release|Any CPU.Build.0 = Release|Any CPU
		{7D936076-A828-4CB5-96DD-932E7CE5C256}.Debug|Any CPU.ActiveCfg = Debug|Any CPU
		{7D936076-A828-4CB5-96DD-932E7CE5C256}.Debug|Any CPU.Build.0 = Debug|Any CPU
		{7D936076-A828-4CB5-96DD-932E7CE5C256}.Release|Any CPU.ActiveCfg = Release|Any CPU
		{7D936076-A828-4CB5-96DD-932E7CE5C256}.Release|Any CPU.Build.0 = Release|Any CPU
		{4FE42B97-58AF-4EB7-A854-BD43BB112E59}.Debug|Any CPU.ActiveCfg = Debug|Any CPU
		{4FE42B97-58AF-4EB7-A854-BD43BB112E59}.Debug|Any CPU.Build.0 = Debug|Any CPU
		{4FE42B97-58AF-4EB7-A854-BD43BB112E59}.Release|Any CPU.ActiveCfg = Release|Any CPU
		{4FE42B97-58AF-4EB7-A854-BD43BB112E59}.Release|Any CPU.Build.0 = Release|Any CPU
		{16822623-ACFF-4736-AFBB-B164789EF797}.Debug|Any CPU.ActiveCfg = Debug|Any CPU
		{16822623-ACFF-4736-AFBB-B164789EF797}.Debug|Any CPU.Build.0 = Debug|Any CPU
		{16822623-ACFF-4736-AFBB-B164789EF797}.Release|Any CPU.ActiveCfg = Release|Any CPU
		{16822623-ACFF-4736-AFBB-B164789EF797}.Release|Any CPU.Build.0 = Release|Any CPU
		{24C00053-3ABB-4AC3-9DDD-38C4857186DE}.Debug|Any CPU.ActiveCfg = Debug|Any CPU
		{24C00053-3ABB-4AC3-9DDD-38C4857186DE}.Debug|Any CPU.Build.0 = Debug|Any CPU
		{24C00053-3ABB-4AC3-9DDD-38C4857186DE}.Release|Any CPU.ActiveCfg = Release|Any CPU
		{24C00053-3ABB-4AC3-9DDD-38C4857186DE}.Release|Any CPU.Build.0 = Release|Any CPU
	EndGlobalSection
	GlobalSection(SolutionProperties) = preSolution
		HideSolutionNode = FALSE
	EndGlobalSection
	GlobalSection(ExtensibilityGlobals) = postSolution
		SolutionGuid = {D24DACC6-4225-4464-9F50-8B159DE6EAFD}
	EndGlobalSection
EndGlobal
